// !$*UTF8*$!
{
	archiveVersion = 1;
	classes = {
	};
	objectVersion = 50;
	objects = {

/* Begin PBXBuildFile section */
		6003B0B0227C4D8200FFF3E8 /* ARWeatherViewController.swift in Sources */ = {isa = PBXBuildFile; fileRef = 6003B0AF227C4D8200FFF3E8 /* ARWeatherViewController.swift */; };
		6003B0B2227C4DC000FFF3E8 /* ARWeatherCamera.storyboard in Resources */ = {isa = PBXBuildFile; fileRef = 6003B0B1227C4DC000FFF3E8 /* ARWeatherCamera.storyboard */; };
		600E8094226E15E700F332F3 /* ARCardCamera.storyboard in Resources */ = {isa = PBXBuildFile; fileRef = 600E8093226E15E700F332F3 /* ARCardCamera.storyboard */; };
		601135162289CB9E00EAADC2 /* GoogleService-Info.plist in Resources */ = {isa = PBXBuildFile; fileRef = 601135152289CB9E00EAADC2 /* GoogleService-Info.plist */; };
		603BA3D822849A5700F589CF /* ARWeather.swift in Sources */ = {isa = PBXBuildFile; fileRef = 603BA3D722849A5700F589CF /* ARWeather.swift */; };
		60484298228CD0A900D624D8 /* LoginContainerView.swift in Sources */ = {isa = PBXBuildFile; fileRef = 60484297228CD0A900D624D8 /* LoginContainerView.swift */; };
		60A459E6226F5CDA00AE20B7 /* ARCard.swift in Sources */ = {isa = PBXBuildFile; fileRef = 60A459E5226F5CDA00AE20B7 /* ARCard.swift */; };
		60B2B0532284E518001FE04D /* DateExt.swift in Sources */ = {isa = PBXBuildFile; fileRef = 60B2B0522284E518001FE04D /* DateExt.swift */; };
		60B8D52E226A31060074F002 /* ARCardScene.scn in Resources */ = {isa = PBXBuildFile; fileRef = 60B8D52D226A31060074F002 /* ARCardScene.scn */; };
		60C064242285CC3C00245A7F /* WeatherInfo.swift in Sources */ = {isa = PBXBuildFile; fileRef = 60C064232285CC3C00245A7F /* WeatherInfo.swift */; };
		60C4432E228462AA00C253E4 /* ARWeatherScene.scn in Resources */ = {isa = PBXBuildFile; fileRef = 60C4432D228462AA00C253E4 /* ARWeatherScene.scn */; };
		60CFE9C62270C726009C899E /* ArCardInteraction.swift in Sources */ = {isa = PBXBuildFile; fileRef = 60CFE9C52270C726009C899E /* ArCardInteraction.swift */; };
		60EF14262294CA4800E47CA9 /* UserLocation.swift in Sources */ = {isa = PBXBuildFile; fileRef = 60EF14252294CA4800E47CA9 /* UserLocation.swift */; };
		60FC47B3228BA2A400AEB8FD /* InputContainerView.swift in Sources */ = {isa = PBXBuildFile; fileRef = 60FC47B2228BA2A400AEB8FD /* InputContainerView.swift */; };
		60FDC4B9228B268200FF5222 /* TrackingNode.swift in Sources */ = {isa = PBXBuildFile; fileRef = 60FDC4B8228B268200FF5222 /* TrackingNode.swift */; };
		60FDE7CF226D3A7300E704BE /* ARCardViewController.swift in Sources */ = {isa = PBXBuildFile; fileRef = 60FDE7CE226D3A7300E704BE /* ARCardViewController.swift */; };
		6F13FE4A869A94B7C58604FD /* Pods_BusTrafficDemo.framework in Frameworks */ = {isa = PBXBuildFile; fileRef = 01F4846446C12112B7DE771B /* Pods_BusTrafficDemo.framework */; };
		CD70EBFC20DBEC2900FDFDF3 /* Navigator.swift in Sources */ = {isa = PBXBuildFile; fileRef = CD70EBFB20DBEC2900FDFDF3 /* Navigator.swift */; };
		CD70EBFE20DBED7900FDFDF3 /* UserManager.swift in Sources */ = {isa = PBXBuildFile; fileRef = CD70EBFD20DBED7900FDFDF3 /* UserManager.swift */; };
		CD70EC0520DBF80B00FDFDF3 /* MainAssembly.swift in Sources */ = {isa = PBXBuildFile; fileRef = CD70EC0420DBF80B00FDFDF3 /* MainAssembly.swift */; };
		CD70EC0A20DBFE7000FDFDF3 /* UserManagerFirebase.swift in Sources */ = {isa = PBXBuildFile; fileRef = CD70EC0920DBFE7000FDFDF3 /* UserManagerFirebase.swift */; };
		FA217C07210EF66C00BF9CD4 /* MKMapViewDelegation.swift in Sources */ = {isa = PBXBuildFile; fileRef = FA217C06210EF66C00BF9CD4 /* MKMapViewDelegation.swift */; };
		FA217C09210EF83C00BF9CD4 /* SceneLocationViewDelegation.swift in Sources */ = {isa = PBXBuildFile; fileRef = FA217C08210EF83C00BF9CD4 /* SceneLocationViewDelegation.swift */; };
		FA752BA5211DA2B400AB7ED2 /* TwoStationsInfo.swift in Sources */ = {isa = PBXBuildFile; fileRef = FA752BA4211DA2B400AB7ED2 /* TwoStationsInfo.swift */; };
		FA77881820DB958F00AEB405 /* LoginPresenterImpl.swift in Sources */ = {isa = PBXBuildFile; fileRef = FA77881720DB958F00AEB405 /* LoginPresenterImpl.swift */; };
		FA77881A20DBA46B00AEB405 /* RegisterPresenterImpl.swift in Sources */ = {isa = PBXBuildFile; fileRef = FA77881920DBA46B00AEB405 /* RegisterPresenterImpl.swift */; };
		FA7A6D3720DA6F5200C2D47C /* AppDelegate.swift in Sources */ = {isa = PBXBuildFile; fileRef = FA7A6D3620DA6F5200C2D47C /* AppDelegate.swift */; };
		FA7A6D3920DA6F5200C2D47C /* HomeViewController.swift in Sources */ = {isa = PBXBuildFile; fileRef = FA7A6D3820DA6F5200C2D47C /* HomeViewController.swift */; };
		FA7A6D3E20DA6F5300C2D47C /* Assets.xcassets in Resources */ = {isa = PBXBuildFile; fileRef = FA7A6D3D20DA6F5300C2D47C /* Assets.xcassets */; };
		FA7A6D4120DA6F5300C2D47C /* LaunchScreen.storyboard in Resources */ = {isa = PBXBuildFile; fileRef = FA7A6D3F20DA6F5300C2D47C /* LaunchScreen.storyboard */; };
		FA7A6D4C20DA8A4A00C2D47C /* LoginViewController.swift in Sources */ = {isa = PBXBuildFile; fileRef = FA7A6D4B20DA8A4A00C2D47C /* LoginViewController.swift */; };
		FA7A6D4F20DA8B8600C2D47C /* ColorExt.swift in Sources */ = {isa = PBXBuildFile; fileRef = FA7A6D4E20DA8B8600C2D47C /* ColorExt.swift */; };
		FA7AB6A820E0DEDE00A3404D /* AnimationExt.swift in Sources */ = {isa = PBXBuildFile; fileRef = FA7AB6A720E0DEDE00A3404D /* AnimationExt.swift */; };
		FA7AF89020EE3EC3003BFC08 /* UserSettingsTableViewDataSource.swift in Sources */ = {isa = PBXBuildFile; fileRef = FA7AF88F20EE3EC3003BFC08 /* UserSettingsTableViewDataSource.swift */; };
		FA86BD8820F74FE7003F7DA9 /* TimetableARKitController.swift in Sources */ = {isa = PBXBuildFile; fileRef = FA86BD8720F74FE7003F7DA9 /* TimetableARKitController.swift */; };
		FA86BD8A20F7544F003F7DA9 /* TimetableCamera.storyboard in Resources */ = {isa = PBXBuildFile; fileRef = FA86BD8920F7544F003F7DA9 /* TimetableCamera.storyboard */; };
		FA888BEA20ECD9C9002E55FF /* SettingsPresenterImpl.swift in Sources */ = {isa = PBXBuildFile; fileRef = FA888BE920ECD9C9002E55FF /* SettingsPresenterImpl.swift */; };
		FA888BEC20ECF188002E55FF /* SettingsTableViewDataSource.swift in Sources */ = {isa = PBXBuildFile; fileRef = FA888BEB20ECF188002E55FF /* SettingsTableViewDataSource.swift */; };
		FA88C77D20E3829700E31BAB /* UserSettingsViewController.swift in Sources */ = {isa = PBXBuildFile; fileRef = FA88C77C20E3829700E31BAB /* UserSettingsViewController.swift */; };
		FA9B9540211990C700741BEA /* Provider.swift in Sources */ = {isa = PBXBuildFile; fileRef = FA9B953F211990C700741BEA /* Provider.swift */; };
		FA9CB2B120F3A34500C1A2FD /* KeyboardExt.swift in Sources */ = {isa = PBXBuildFile; fileRef = FA9CB2B020F3A34500C1A2FD /* KeyboardExt.swift */; };
		FA9CB2B520F3B6C400C1A2FD /* RegisterContract.swift in Sources */ = {isa = PBXBuildFile; fileRef = FA9CB2B420F3B6C400C1A2FD /* RegisterContract.swift */; };
		FA9CB2B820F3B72700C1A2FD /* LoginContract.swift in Sources */ = {isa = PBXBuildFile; fileRef = FA9CB2B720F3B72700C1A2FD /* LoginContract.swift */; };
		FA9CB2BC20F3B80D00C1A2FD /* SettingsContract.swift in Sources */ = {isa = PBXBuildFile; fileRef = FA9CB2BB20F3B80D00C1A2FD /* SettingsContract.swift */; };
		FA9CB2BF20F3B84900C1A2FD /* UserSettingsContract.swift in Sources */ = {isa = PBXBuildFile; fileRef = FA9CB2BE20F3B84900C1A2FD /* UserSettingsContract.swift */; };
		FAA648312109E16200BC688D /* StationsViewController.swift in Sources */ = {isa = PBXBuildFile; fileRef = FAA648302109E16200BC688D /* StationsViewController.swift */; };
		FAA96DD920E65ED100282687 /* UserSettingsPresenterImpl.swift in Sources */ = {isa = PBXBuildFile; fileRef = FAA96DD820E65ED100282687 /* UserSettingsPresenterImpl.swift */; };
		FAA96DDB20EA55A000282687 /* SettingsViewController.swift in Sources */ = {isa = PBXBuildFile; fileRef = FAA96DDA20EA55A000282687 /* SettingsViewController.swift */; };
		FAE84287210B19AB00CDDCD2 /* Reachabilty.swift in Sources */ = {isa = PBXBuildFile; fileRef = FAE84286210B19AB00CDDCD2 /* Reachabilty.swift */; };
		FAF88A53210F43130068DB00 /* TimetableViewController.swift in Sources */ = {isa = PBXBuildFile; fileRef = FAF88A52210F43130068DB00 /* TimetableViewController.swift */; };
		FAFEDF1D211093B500A3C294 /* TimetableTableViewCell.swift in Sources */ = {isa = PBXBuildFile; fileRef = FAFEDF1C211093B500A3C294 /* TimetableTableViewCell.swift */; };
/* End PBXBuildFile section */

/* Begin PBXFileReference section */
		01F4846446C12112B7DE771B /* Pods_BusTrafficDemo.framework */ = {isa = PBXFileReference; explicitFileType = wrapper.framework; includeInIndex = 0; path = Pods_BusTrafficDemo.framework; sourceTree = BUILT_PRODUCTS_DIR; };
		57478627BD8C4EE8DAF7FFB7 /* Pods-BusTrafficDemo.debug.xcconfig */ = {isa = PBXFileReference; includeInIndex = 1; lastKnownFileType = text.xcconfig; name = "Pods-BusTrafficDemo.debug.xcconfig"; path = "Pods/Target Support Files/Pods-BusTrafficDemo/Pods-BusTrafficDemo.debug.xcconfig"; sourceTree = "<group>"; };
		6003B0AF227C4D8200FFF3E8 /* ARWeatherViewController.swift */ = {isa = PBXFileReference; lastKnownFileType = sourcecode.swift; path = ARWeatherViewController.swift; sourceTree = "<group>"; };
		6003B0B1227C4DC000FFF3E8 /* ARWeatherCamera.storyboard */ = {isa = PBXFileReference; lastKnownFileType = file.storyboard; path = ARWeatherCamera.storyboard; sourceTree = "<group>"; };
		600E8093226E15E700F332F3 /* ARCardCamera.storyboard */ = {isa = PBXFileReference; lastKnownFileType = file.storyboard; path = ARCardCamera.storyboard; sourceTree = "<group>"; };
		601135152289CB9E00EAADC2 /* GoogleService-Info.plist */ = {isa = PBXFileReference; fileEncoding = 4; lastKnownFileType = text.plist.xml; path = "GoogleService-Info.plist"; sourceTree = "<group>"; };
		603BA3D722849A5700F589CF /* ARWeather.swift */ = {isa = PBXFileReference; lastKnownFileType = sourcecode.swift; path = ARWeather.swift; sourceTree = "<group>"; };
		60484297228CD0A900D624D8 /* LoginContainerView.swift */ = {isa = PBXFileReference; lastKnownFileType = sourcecode.swift; path = LoginContainerView.swift; sourceTree = "<group>"; };
		60A459E5226F5CDA00AE20B7 /* ARCard.swift */ = {isa = PBXFileReference; lastKnownFileType = sourcecode.swift; path = ARCard.swift; sourceTree = "<group>"; };
		60B2B0522284E518001FE04D /* DateExt.swift */ = {isa = PBXFileReference; lastKnownFileType = sourcecode.swift; path = DateExt.swift; sourceTree = "<group>"; };
		60B8D52D226A31060074F002 /* ARCardScene.scn */ = {isa = PBXFileReference; lastKnownFileType = file.bplist; path = ARCardScene.scn; sourceTree = "<group>"; };
		60C064232285CC3C00245A7F /* WeatherInfo.swift */ = {isa = PBXFileReference; lastKnownFileType = sourcecode.swift; path = WeatherInfo.swift; sourceTree = "<group>"; };
		60C4432D228462AA00C253E4 /* ARWeatherScene.scn */ = {isa = PBXFileReference; lastKnownFileType = file.bplist; path = ARWeatherScene.scn; sourceTree = "<group>"; };
		60CFE9C52270C726009C899E /* ArCardInteraction.swift */ = {isa = PBXFileReference; lastKnownFileType = sourcecode.swift; path = ArCardInteraction.swift; sourceTree = "<group>"; };
		60EF14252294CA4800E47CA9 /* UserLocation.swift */ = {isa = PBXFileReference; lastKnownFileType = sourcecode.swift; path = UserLocation.swift; sourceTree = "<group>"; };
		60FC47B2228BA2A400AEB8FD /* InputContainerView.swift */ = {isa = PBXFileReference; lastKnownFileType = sourcecode.swift; path = InputContainerView.swift; sourceTree = "<group>"; };
		60FDC4B8228B268200FF5222 /* TrackingNode.swift */ = {isa = PBXFileReference; lastKnownFileType = sourcecode.swift; path = TrackingNode.swift; sourceTree = "<group>"; };
		60FDE7CE226D3A7300E704BE /* ARCardViewController.swift */ = {isa = PBXFileReference; lastKnownFileType = sourcecode.swift; path = ARCardViewController.swift; sourceTree = "<group>"; };
		CD70EBFB20DBEC2900FDFDF3 /* Navigator.swift */ = {isa = PBXFileReference; lastKnownFileType = sourcecode.swift; path = Navigator.swift; sourceTree = "<group>"; };
		CD70EBFD20DBED7900FDFDF3 /* UserManager.swift */ = {isa = PBXFileReference; lastKnownFileType = sourcecode.swift; path = UserManager.swift; sourceTree = "<group>"; };
		CD70EC0420DBF80B00FDFDF3 /* MainAssembly.swift */ = {isa = PBXFileReference; lastKnownFileType = sourcecode.swift; path = MainAssembly.swift; sourceTree = "<group>"; };
		CD70EC0920DBFE7000FDFDF3 /* UserManagerFirebase.swift */ = {isa = PBXFileReference; lastKnownFileType = sourcecode.swift; path = UserManagerFirebase.swift; sourceTree = "<group>"; };
		ECBDAAAFC62CAB951C38282F /* Pods-BusTrafficDemo.release.xcconfig */ = {isa = PBXFileReference; includeInIndex = 1; lastKnownFileType = text.xcconfig; name = "Pods-BusTrafficDemo.release.xcconfig"; path = "Pods/Target Support Files/Pods-BusTrafficDemo/Pods-BusTrafficDemo.release.xcconfig"; sourceTree = "<group>"; };
		FA217C06210EF66C00BF9CD4 /* MKMapViewDelegation.swift */ = {isa = PBXFileReference; lastKnownFileType = sourcecode.swift; path = MKMapViewDelegation.swift; sourceTree = "<group>"; };
		FA217C08210EF83C00BF9CD4 /* SceneLocationViewDelegation.swift */ = {isa = PBXFileReference; lastKnownFileType = sourcecode.swift; path = SceneLocationViewDelegation.swift; sourceTree = "<group>"; };
		FA752BA4211DA2B400AB7ED2 /* TwoStationsInfo.swift */ = {isa = PBXFileReference; lastKnownFileType = sourcecode.swift; path = TwoStationsInfo.swift; sourceTree = "<group>"; };
		FA77881720DB958F00AEB405 /* LoginPresenterImpl.swift */ = {isa = PBXFileReference; lastKnownFileType = sourcecode.swift; path = LoginPresenterImpl.swift; sourceTree = "<group>"; };
		FA77881920DBA46B00AEB405 /* RegisterPresenterImpl.swift */ = {isa = PBXFileReference; lastKnownFileType = sourcecode.swift; path = RegisterPresenterImpl.swift; sourceTree = "<group>"; };
		FA7A6D3320DA6F5200C2D47C /* BusTrafficDemo.app */ = {isa = PBXFileReference; explicitFileType = wrapper.application; includeInIndex = 0; path = BusTrafficDemo.app; sourceTree = BUILT_PRODUCTS_DIR; };
		FA7A6D3620DA6F5200C2D47C /* AppDelegate.swift */ = {isa = PBXFileReference; lastKnownFileType = sourcecode.swift; path = AppDelegate.swift; sourceTree = "<group>"; };
		FA7A6D3820DA6F5200C2D47C /* HomeViewController.swift */ = {isa = PBXFileReference; lastKnownFileType = sourcecode.swift; path = HomeViewController.swift; sourceTree = "<group>"; };
		FA7A6D3D20DA6F5300C2D47C /* Assets.xcassets */ = {isa = PBXFileReference; lastKnownFileType = folder.assetcatalog; path = Assets.xcassets; sourceTree = "<group>"; };
		FA7A6D4020DA6F5300C2D47C /* Base */ = {isa = PBXFileReference; lastKnownFileType = file.storyboard; name = Base; path = Base.lproj/LaunchScreen.storyboard; sourceTree = "<group>"; };
		FA7A6D4220DA6F5300C2D47C /* Info.plist */ = {isa = PBXFileReference; lastKnownFileType = text.plist.xml; path = Info.plist; sourceTree = "<group>"; };
		FA7A6D4B20DA8A4A00C2D47C /* LoginViewController.swift */ = {isa = PBXFileReference; lastKnownFileType = sourcecode.swift; path = LoginViewController.swift; sourceTree = "<group>"; };
		FA7A6D4E20DA8B8600C2D47C /* ColorExt.swift */ = {isa = PBXFileReference; lastKnownFileType = sourcecode.swift; path = ColorExt.swift; sourceTree = "<group>"; };
		FA7AB6A720E0DEDE00A3404D /* AnimationExt.swift */ = {isa = PBXFileReference; lastKnownFileType = sourcecode.swift; path = AnimationExt.swift; sourceTree = "<group>"; };
		FA7AF88F20EE3EC3003BFC08 /* UserSettingsTableViewDataSource.swift */ = {isa = PBXFileReference; lastKnownFileType = sourcecode.swift; path = UserSettingsTableViewDataSource.swift; sourceTree = "<group>"; };
		FA86BD8720F74FE7003F7DA9 /* TimetableARKitController.swift */ = {isa = PBXFileReference; lastKnownFileType = sourcecode.swift; path = TimetableARKitController.swift; sourceTree = "<group>"; };
		FA86BD8920F7544F003F7DA9 /* TimetableCamera.storyboard */ = {isa = PBXFileReference; lastKnownFileType = file.storyboard; path = TimetableCamera.storyboard; sourceTree = "<group>"; };
		FA888BE920ECD9C9002E55FF /* SettingsPresenterImpl.swift */ = {isa = PBXFileReference; lastKnownFileType = sourcecode.swift; path = SettingsPresenterImpl.swift; sourceTree = "<group>"; };
		FA888BEB20ECF188002E55FF /* SettingsTableViewDataSource.swift */ = {isa = PBXFileReference; lastKnownFileType = sourcecode.swift; path = SettingsTableViewDataSource.swift; sourceTree = "<group>"; };
		FA88C77C20E3829700E31BAB /* UserSettingsViewController.swift */ = {isa = PBXFileReference; lastKnownFileType = sourcecode.swift; path = UserSettingsViewController.swift; sourceTree = "<group>"; };
		FA9B953F211990C700741BEA /* Provider.swift */ = {isa = PBXFileReference; lastKnownFileType = sourcecode.swift; path = Provider.swift; sourceTree = "<group>"; };
		FA9CB2B020F3A34500C1A2FD /* KeyboardExt.swift */ = {isa = PBXFileReference; lastKnownFileType = sourcecode.swift; path = KeyboardExt.swift; sourceTree = "<group>"; };
		FA9CB2B420F3B6C400C1A2FD /* RegisterContract.swift */ = {isa = PBXFileReference; lastKnownFileType = sourcecode.swift; path = RegisterContract.swift; sourceTree = "<group>"; };
		FA9CB2B720F3B72700C1A2FD /* LoginContract.swift */ = {isa = PBXFileReference; lastKnownFileType = sourcecode.swift; path = LoginContract.swift; sourceTree = "<group>"; };
		FA9CB2BB20F3B80D00C1A2FD /* SettingsContract.swift */ = {isa = PBXFileReference; lastKnownFileType = sourcecode.swift; path = SettingsContract.swift; sourceTree = "<group>"; };
		FA9CB2BE20F3B84900C1A2FD /* UserSettingsContract.swift */ = {isa = PBXFileReference; lastKnownFileType = sourcecode.swift; path = UserSettingsContract.swift; sourceTree = "<group>"; };
		FAA648302109E16200BC688D /* StationsViewController.swift */ = {isa = PBXFileReference; lastKnownFileType = sourcecode.swift; path = StationsViewController.swift; sourceTree = "<group>"; };
		FAA96DD820E65ED100282687 /* UserSettingsPresenterImpl.swift */ = {isa = PBXFileReference; lastKnownFileType = sourcecode.swift; path = UserSettingsPresenterImpl.swift; sourceTree = "<group>"; };
		FAA96DDA20EA55A000282687 /* SettingsViewController.swift */ = {isa = PBXFileReference; lastKnownFileType = sourcecode.swift; path = SettingsViewController.swift; sourceTree = "<group>"; };
		FAE84286210B19AB00CDDCD2 /* Reachabilty.swift */ = {isa = PBXFileReference; lastKnownFileType = sourcecode.swift; path = Reachabilty.swift; sourceTree = "<group>"; };
		FAF88A52210F43130068DB00 /* TimetableViewController.swift */ = {isa = PBXFileReference; lastKnownFileType = sourcecode.swift; path = TimetableViewController.swift; sourceTree = "<group>"; };
		FAFEDF1C211093B500A3C294 /* TimetableTableViewCell.swift */ = {isa = PBXFileReference; lastKnownFileType = sourcecode.swift; path = TimetableTableViewCell.swift; sourceTree = "<group>"; };
/* End PBXFileReference section */

/* Begin PBXFrameworksBuildPhase section */
		FA7A6D3020DA6F5200C2D47C /* Frameworks */ = {
			isa = PBXFrameworksBuildPhase;
			buildActionMask = 2147483647;
			files = (
				6F13FE4A869A94B7C58604FD /* Pods_BusTrafficDemo.framework in Frameworks */,
			);
			runOnlyForDeploymentPostprocessing = 0;
		};
/* End PBXFrameworksBuildPhase section */

/* Begin PBXGroup section */
		49A7400152ADC8FF20C4C725 /* Frameworks */ = {
			isa = PBXGroup;
			children = (
				01F4846446C12112B7DE771B /* Pods_BusTrafficDemo.framework */,
			);
			name = Frameworks;
			sourceTree = "<group>";
		};
		6003B0AE227C4D4B00FFF3E8 /* ARWeather */ = {
			isa = PBXGroup;
			children = (
				6003B0AF227C4D8200FFF3E8 /* ARWeatherViewController.swift */,
				603BA3D722849A5700F589CF /* ARWeather.swift */,
				60C064232285CC3C00245A7F /* WeatherInfo.swift */,
			);
			path = ARWeather;
			sourceTree = "<group>";
		};
		60484299228CD36800D624D8 /* Views */ = {
			isa = PBXGroup;
			children = (
				60484297228CD0A900D624D8 /* LoginContainerView.swift */,
				60FC47B2228BA2A400AEB8FD /* InputContainerView.swift */,
			);
			path = Views;
			sourceTree = "<group>";
		};
		60FDE7CD226D3A3B00E704BE /* ARCard */ = {
			isa = PBXGroup;
			children = (
				60FDE7CE226D3A7300E704BE /* ARCardViewController.swift */,
				60A459E5226F5CDA00AE20B7 /* ARCard.swift */,
				60CFE9C52270C726009C899E /* ArCardInteraction.swift */,
			);
			path = ARCard;
			sourceTree = "<group>";
		};
		714318BC6BECF305EBD123D3 /* Pods */ = {
			isa = PBXGroup;
			children = (
				57478627BD8C4EE8DAF7FFB7 /* Pods-BusTrafficDemo.debug.xcconfig */,
				ECBDAAAFC62CAB951C38282F /* Pods-BusTrafficDemo.release.xcconfig */,
			);
			name = Pods;
			sourceTree = "<group>";
		};
		CD70EBFF20DBEE2C00FDFDF3 /* Utils */ = {
			isa = PBXGroup;
			children = (
				FA7A6D4D20DA8B7A00C2D47C /* Extensions */,
				CD70EC0820DBFE5F00FDFDF3 /* Firebase */,
				CD70EBFB20DBEC2900FDFDF3 /* Navigator.swift */,
				CD70EBFD20DBED7900FDFDF3 /* UserManager.swift */,
				CD70EC0420DBF80B00FDFDF3 /* MainAssembly.swift */,
				FAE84286210B19AB00CDDCD2 /* Reachabilty.swift */,
			);
			path = Utils;
			sourceTree = "<group>";
		};
		CD70EC0820DBFE5F00FDFDF3 /* Firebase */ = {
			isa = PBXGroup;
			children = (
				CD70EC0920DBFE7000FDFDF3 /* UserManagerFirebase.swift */,
			);
			path = Firebase;
			sourceTree = "<group>";
		};
		FA606AC7210F3D8F00F5E261 /* Home */ = {
			isa = PBXGroup;
			children = (
				FA7A6D3820DA6F5200C2D47C /* HomeViewController.swift */,
			);
			path = Home;
			sourceTree = "<group>";
		};
		FA606AC8210F3DEC00F5E261 /* StationsARKit */ = {
			isa = PBXGroup;
			children = (
				FAA648302109E16200BC688D /* StationsViewController.swift */,
				FA217C06210EF66C00BF9CD4 /* MKMapViewDelegation.swift */,
				FA217C08210EF83C00BF9CD4 /* SceneLocationViewDelegation.swift */,
				FA752BA4211DA2B400AB7ED2 /* TwoStationsInfo.swift */,
				60EF14252294CA4800E47CA9 /* UserLocation.swift */,
			);
			path = StationsARKit;
			sourceTree = "<group>";
		};
		FA606AC9210F3E3700F5E261 /* ARTimetable */ = {
			isa = PBXGroup;
			children = (
				FA86BD8720F74FE7003F7DA9 /* TimetableARKitController.swift */,
				FAF88A52210F43130068DB00 /* TimetableViewController.swift */,
				FAFEDF1C211093B500A3C294 /* TimetableTableViewCell.swift */,
				60FDC4B8228B268200FF5222 /* TrackingNode.swift */,
			);
			path = ARTimetable;
			sourceTree = "<group>";
		};
		FA7A6D2A20DA6F5200C2D47C = {
			isa = PBXGroup;
			children = (
				FA7A6D3520DA6F5200C2D47C /* BusTrafficDemo */,
				FA7A6D3420DA6F5200C2D47C /* Products */,
				714318BC6BECF305EBD123D3 /* Pods */,
				49A7400152ADC8FF20C4C725 /* Frameworks */,
			);
			sourceTree = "<group>";
		};
		FA7A6D3420DA6F5200C2D47C /* Products */ = {
			isa = PBXGroup;
			children = (
				FA7A6D3320DA6F5200C2D47C /* BusTrafficDemo.app */,
			);
			name = Products;
			sourceTree = "<group>";
		};
		FA7A6D3520DA6F5200C2D47C /* BusTrafficDemo */ = {
			isa = PBXGroup;
			children = (
				FA7A6D3620DA6F5200C2D47C /* AppDelegate.swift */,
				FA9B953E2119909000741BEA /* Network */,
				6003B0AE227C4D4B00FFF3E8 /* ARWeather */,
				60FDE7CD226D3A3B00E704BE /* ARCard */,
				FA606AC8210F3DEC00F5E261 /* StationsARKit */,
				FA606AC9210F3E3700F5E261 /* ARTimetable */,
				FA606AC7210F3D8F00F5E261 /* Home */,
				FA9CB2BD20F3B82400C1A2FD /* UserSettings */,
				FA9CB2BA20F3B7E800C1A2FD /* Settings */,
				FA9CB2B620F3B71000C1A2FD /* Login */,
				FA9CB2B320F3B67A00C1A2FD /* Register */,
				CD70EBFF20DBEE2C00FDFDF3 /* Utils */,
				FA7A6D4220DA6F5300C2D47C /* Info.plist */,
				601135152289CB9E00EAADC2 /* GoogleService-Info.plist */,
				FAFEDF1A2110513A00A3C294 /* Storyboards */,
				FAFEDF1B2110516400A3C294 /* Resources */,
			);
			path = BusTrafficDemo;
			sourceTree = "<group>";
		};
		FA7A6D4D20DA8B7A00C2D47C /* Extensions */ = {
			isa = PBXGroup;
			children = (
				FA7A6D4E20DA8B8600C2D47C /* ColorExt.swift */,
				FA7AB6A720E0DEDE00A3404D /* AnimationExt.swift */,
				FA9CB2B020F3A34500C1A2FD /* KeyboardExt.swift */,
				60B2B0522284E518001FE04D /* DateExt.swift */,
			);
			path = Extensions;
			sourceTree = "<group>";
		};
		FA9B953E2119909000741BEA /* Network */ = {
			isa = PBXGroup;
			children = (
				FA9B953F211990C700741BEA /* Provider.swift */,
			);
			path = Network;
			sourceTree = "<group>";
		};
		FA9CB2B320F3B67A00C1A2FD /* Register */ = {
			isa = PBXGroup;
			children = (
				FA77881920DBA46B00AEB405 /* RegisterPresenterImpl.swift */,
				FA9CB2B420F3B6C400C1A2FD /* RegisterContract.swift */,
			);
			path = Register;
			sourceTree = "<group>";
		};
		FA9CB2B620F3B71000C1A2FD /* Login */ = {
			isa = PBXGroup;
			children = (
				60484299228CD36800D624D8 /* Views */,
				FA77881720DB958F00AEB405 /* LoginPresenterImpl.swift */,
				FA9CB2B720F3B72700C1A2FD /* LoginContract.swift */,
				FA7A6D4B20DA8A4A00C2D47C /* LoginViewController.swift */,
			);
			path = Login;
			sourceTree = "<group>";
		};
		FA9CB2BA20F3B7E800C1A2FD /* Settings */ = {
			isa = PBXGroup;
			children = (
				FA9CB2BB20F3B80D00C1A2FD /* SettingsContract.swift */,
				FA888BE920ECD9C9002E55FF /* SettingsPresenterImpl.swift */,
				FAA96DDA20EA55A000282687 /* SettingsViewController.swift */,
				FA888BEB20ECF188002E55FF /* SettingsTableViewDataSource.swift */,
			);
			path = Settings;
			sourceTree = "<group>";
		};
		FA9CB2BD20F3B82400C1A2FD /* UserSettings */ = {
			isa = PBXGroup;
			children = (
				FA9CB2BE20F3B84900C1A2FD /* UserSettingsContract.swift */,
				FAA96DD820E65ED100282687 /* UserSettingsPresenterImpl.swift */,
				FA88C77C20E3829700E31BAB /* UserSettingsViewController.swift */,
				FA7AF88F20EE3EC3003BFC08 /* UserSettingsTableViewDataSource.swift */,
			);
			path = UserSettings;
			sourceTree = "<group>";
		};
		FAFEDF1A2110513A00A3C294 /* Storyboards */ = {
			isa = PBXGroup;
			children = (
				FA7A6D3F20DA6F5300C2D47C /* LaunchScreen.storyboard */,
				FA86BD8920F7544F003F7DA9 /* TimetableCamera.storyboard */,
				600E8093226E15E700F332F3 /* ARCardCamera.storyboard */,
				6003B0B1227C4DC000FFF3E8 /* ARWeatherCamera.storyboard */,
			);
			path = Storyboards;
			sourceTree = "<group>";
		};
		FAFEDF1B2110516400A3C294 /* Resources */ = {
			isa = PBXGroup;
			children = (
				FA7A6D3D20DA6F5300C2D47C /* Assets.xcassets */,
				60B8D52D226A31060074F002 /* ARCardScene.scn */,
				60C4432D228462AA00C253E4 /* ARWeatherScene.scn */,
			);
			path = Resources;
			sourceTree = "<group>";
		};
/* End PBXGroup section */

/* Begin PBXNativeTarget section */
		FA7A6D3220DA6F5200C2D47C /* BusTrafficDemo */ = {
			isa = PBXNativeTarget;
			buildConfigurationList = FA7A6D4520DA6F5300C2D47C /* Build configuration list for PBXNativeTarget "BusTrafficDemo" */;
			buildPhases = (
				197F502FDA80ABC7091DD9A6 /* [CP] Check Pods Manifest.lock */,
				FA7A6D2F20DA6F5200C2D47C /* Sources */,
				FA7A6D3020DA6F5200C2D47C /* Frameworks */,
				FA7A6D3120DA6F5200C2D47C /* Resources */,
				2DEC93A258733DC2BFA44172 /* [CP] Embed Pods Frameworks */,
				601135142289BDB500EAADC2 /* ShellScript */,
			);
			buildRules = (
			);
			dependencies = (
			);
			name = BusTrafficDemo;
			productName = BusTrafficDemo;
			productReference = FA7A6D3320DA6F5200C2D47C /* BusTrafficDemo.app */;
			productType = "com.apple.product-type.application";
		};
/* End PBXNativeTarget section */

/* Begin PBXProject section */
		FA7A6D2B20DA6F5200C2D47C /* Project object */ = {
			isa = PBXProject;
			attributes = {
				LastSwiftUpdateCheck = 0940;
				LastUpgradeCheck = 0940;
				ORGANIZATIONNAME = "Nikola Dojchinovski";
				TargetAttributes = {
					FA7A6D3220DA6F5200C2D47C = {
						CreatedOnToolsVersion = 9.4;
					};
				};
			};
			buildConfigurationList = FA7A6D2E20DA6F5200C2D47C /* Build configuration list for PBXProject "BusTrafficDemo" */;
			compatibilityVersion = "Xcode 9.3";
			developmentRegion = en;
			hasScannedForEncodings = 0;
			knownRegions = (
				en,
				Base,
			);
			mainGroup = FA7A6D2A20DA6F5200C2D47C;
			productRefGroup = FA7A6D3420DA6F5200C2D47C /* Products */;
			projectDirPath = "";
			projectRoot = "";
			targets = (
				FA7A6D3220DA6F5200C2D47C /* BusTrafficDemo */,
			);
		};
/* End PBXProject section */

/* Begin PBXResourcesBuildPhase section */
		FA7A6D3120DA6F5200C2D47C /* Resources */ = {
			isa = PBXResourcesBuildPhase;
			buildActionMask = 2147483647;
			files = (
				FA7A6D4120DA6F5300C2D47C /* LaunchScreen.storyboard in Resources */,
				FA7A6D3E20DA6F5300C2D47C /* Assets.xcassets in Resources */,
				601135162289CB9E00EAADC2 /* GoogleService-Info.plist in Resources */,
				FA86BD8A20F7544F003F7DA9 /* TimetableCamera.storyboard in Resources */,
				600E8094226E15E700F332F3 /* ARCardCamera.storyboard in Resources */,
				6003B0B2227C4DC000FFF3E8 /* ARWeatherCamera.storyboard in Resources */,
				60B8D52E226A31060074F002 /* ARCardScene.scn in Resources */,
				60C4432E228462AA00C253E4 /* ARWeatherScene.scn in Resources */,
			);
			runOnlyForDeploymentPostprocessing = 0;
		};
/* End PBXResourcesBuildPhase section */

/* Begin PBXShellScriptBuildPhase section */
		197F502FDA80ABC7091DD9A6 /* [CP] Check Pods Manifest.lock */ = {
			isa = PBXShellScriptBuildPhase;
			buildActionMask = 2147483647;
			files = (
			);
			inputPaths = (
				"${PODS_PODFILE_DIR_PATH}/Podfile.lock",
				"${PODS_ROOT}/Manifest.lock",
			);
			name = "[CP] Check Pods Manifest.lock";
			outputPaths = (
				"$(DERIVED_FILE_DIR)/Pods-BusTrafficDemo-checkManifestLockResult.txt",
			);
			runOnlyForDeploymentPostprocessing = 0;
			shellPath = /bin/sh;
			shellScript = "diff \"${PODS_PODFILE_DIR_PATH}/Podfile.lock\" \"${PODS_ROOT}/Manifest.lock\" > /dev/null\nif [ $? != 0 ] ; then\n    # print error to STDERR\n    echo \"error: The sandbox is not in sync with the Podfile.lock. Run 'pod install' or update your CocoaPods installation.\" >&2\n    exit 1\nfi\n# This output is used by Xcode 'outputs' to avoid re-running this script phase.\necho \"SUCCESS\" > \"${SCRIPT_OUTPUT_FILE_0}\"\n";
			showEnvVarsInLog = 0;
		};
		2DEC93A258733DC2BFA44172 /* [CP] Embed Pods Frameworks */ = {
			isa = PBXShellScriptBuildPhase;
			buildActionMask = 2147483647;
			files = (
			);
			inputPaths = (
				"${SRCROOT}/Pods/Target Support Files/Pods-BusTrafficDemo/Pods-BusTrafficDemo-frameworks.sh",
				"${BUILT_PRODUCTS_DIR}/ARCL/ARCL.framework",
				"${BUILT_PRODUCTS_DIR}/Alamofire/Alamofire.framework",
				"${BUILT_PRODUCTS_DIR}/GTMSessionFetcher/GTMSessionFetcher.framework",
				"${BUILT_PRODUCTS_DIR}/GoogleToolboxForMac/GoogleToolboxForMac.framework",
				"${BUILT_PRODUCTS_DIR}/SVProgressHUD/SVProgressHUD.framework",
				"${BUILT_PRODUCTS_DIR}/SnapKit/SnapKit.framework",
				"${BUILT_PRODUCTS_DIR}/SwiftyJSON/SwiftyJSON.framework",
				"${BUILT_PRODUCTS_DIR}/leveldb-library/leveldb.framework",
				"${BUILT_PRODUCTS_DIR}/nanopb/nanopb.framework",
			);
			name = "[CP] Embed Pods Frameworks";
			outputPaths = (
				"${TARGET_BUILD_DIR}/${FRAMEWORKS_FOLDER_PATH}/ARCL.framework",
				"${TARGET_BUILD_DIR}/${FRAMEWORKS_FOLDER_PATH}/Alamofire.framework",
				"${TARGET_BUILD_DIR}/${FRAMEWORKS_FOLDER_PATH}/GTMSessionFetcher.framework",
				"${TARGET_BUILD_DIR}/${FRAMEWORKS_FOLDER_PATH}/GoogleToolboxForMac.framework",
				"${TARGET_BUILD_DIR}/${FRAMEWORKS_FOLDER_PATH}/SVProgressHUD.framework",
				"${TARGET_BUILD_DIR}/${FRAMEWORKS_FOLDER_PATH}/SnapKit.framework",
				"${TARGET_BUILD_DIR}/${FRAMEWORKS_FOLDER_PATH}/SwiftyJSON.framework",
				"${TARGET_BUILD_DIR}/${FRAMEWORKS_FOLDER_PATH}/leveldb.framework",
				"${TARGET_BUILD_DIR}/${FRAMEWORKS_FOLDER_PATH}/nanopb.framework",
			);
			runOnlyForDeploymentPostprocessing = 0;
			shellPath = /bin/sh;
			shellScript = "\"${SRCROOT}/Pods/Target Support Files/Pods-BusTrafficDemo/Pods-BusTrafficDemo-frameworks.sh\"\n";
			showEnvVarsInLog = 0;
		};
		601135142289BDB500EAADC2 /* ShellScript */ = {
			isa = PBXShellScriptBuildPhase;
			buildActionMask = 2147483647;
			files = (
			);
			inputFileListPaths = (
			);
			inputPaths = (
				"$(BUILT_PRODUCTS_DIR)/$(INFOPLIST_PATH)",
			);
			outputFileListPaths = (
			);
			outputPaths = (
			);
			runOnlyForDeploymentPostprocessing = 0;
			shellPath = /bin/sh;
			shellScript = "# Type a script or drag a script file from your workspace to insert its path.\n\"${PODS_ROOT}/Fabric/run\" d74b58169c00e524af22e8e8081be07fb12afeff c4f60f78d3963aa513224669a856a0d61533421838fd8758b4c433f1e524b7f2\n";
		};
/* End PBXShellScriptBuildPhase section */

/* Begin PBXSourcesBuildPhase section */
		FA7A6D2F20DA6F5200C2D47C /* Sources */ = {
			isa = PBXSourcesBuildPhase;
			buildActionMask = 2147483647;
			files = (
				FAE84287210B19AB00CDDCD2 /* Reachabilty.swift in Sources */,
				60FDE7CF226D3A7300E704BE /* ARCardViewController.swift in Sources */,
				FA888BEC20ECF188002E55FF /* SettingsTableViewDataSource.swift in Sources */,
				60B2B0532284E518001FE04D /* DateExt.swift in Sources */,
				60CFE9C62270C726009C899E /* ArCardInteraction.swift in Sources */,
				FAA96DDB20EA55A000282687 /* SettingsViewController.swift in Sources */,
				FA9CB2B120F3A34500C1A2FD /* KeyboardExt.swift in Sources */,
				CD70EBFC20DBEC2900FDFDF3 /* Navigator.swift in Sources */,
				FA77881820DB958F00AEB405 /* LoginPresenterImpl.swift in Sources */,
				60FC47B3228BA2A400AEB8FD /* InputContainerView.swift in Sources */,
				FA86BD8820F74FE7003F7DA9 /* TimetableARKitController.swift in Sources */,
				FA7A6D4F20DA8B8600C2D47C /* ColorExt.swift in Sources */,
				FA7AF89020EE3EC3003BFC08 /* UserSettingsTableViewDataSource.swift in Sources */,
				FA752BA5211DA2B400AB7ED2 /* TwoStationsInfo.swift in Sources */,
				CD70EC0A20DBFE7000FDFDF3 /* UserManagerFirebase.swift in Sources */,
				60FDC4B9228B268200FF5222 /* TrackingNode.swift in Sources */,
				FAA96DD920E65ED100282687 /* UserSettingsPresenterImpl.swift in Sources */,
				60A459E6226F5CDA00AE20B7 /* ARCard.swift in Sources */,
				60C064242285CC3C00245A7F /* WeatherInfo.swift in Sources */,
				FAFEDF1D211093B500A3C294 /* TimetableTableViewCell.swift in Sources */,
				FA217C07210EF66C00BF9CD4 /* MKMapViewDelegation.swift in Sources */,
				FA77881A20DBA46B00AEB405 /* RegisterPresenterImpl.swift in Sources */,
				FA9CB2B520F3B6C400C1A2FD /* RegisterContract.swift in Sources */,
				FA9CB2BF20F3B84900C1A2FD /* UserSettingsContract.swift in Sources */,
				60484298228CD0A900D624D8 /* LoginContainerView.swift in Sources */,
				CD70EC0520DBF80B00FDFDF3 /* MainAssembly.swift in Sources */,
				FA7A6D4C20DA8A4A00C2D47C /* LoginViewController.swift in Sources */,
				FA9CB2B820F3B72700C1A2FD /* LoginContract.swift in Sources */,
				FA7A6D3920DA6F5200C2D47C /* HomeViewController.swift in Sources */,
				6003B0B0227C4D8200FFF3E8 /* ARWeatherViewController.swift in Sources */,
				603BA3D822849A5700F589CF /* ARWeather.swift in Sources */,
				FA9B9540211990C700741BEA /* Provider.swift in Sources */,
				FAF88A53210F43130068DB00 /* TimetableViewController.swift in Sources */,
				60EF14262294CA4800E47CA9 /* UserLocation.swift in Sources */,
				FA7AB6A820E0DEDE00A3404D /* AnimationExt.swift in Sources */,
				FA88C77D20E3829700E31BAB /* UserSettingsViewController.swift in Sources */,
				FA888BEA20ECD9C9002E55FF /* SettingsPresenterImpl.swift in Sources */,
				FAA648312109E16200BC688D /* StationsViewController.swift in Sources */,
				CD70EBFE20DBED7900FDFDF3 /* UserManager.swift in Sources */,
				FA7A6D3720DA6F5200C2D47C /* AppDelegate.swift in Sources */,
				FA217C09210EF83C00BF9CD4 /* SceneLocationViewDelegation.swift in Sources */,
				FA9CB2BC20F3B80D00C1A2FD /* SettingsContract.swift in Sources */,
			);
			runOnlyForDeploymentPostprocessing = 0;
		};
/* End PBXSourcesBuildPhase section */

/* Begin PBXVariantGroup section */
		FA7A6D3F20DA6F5300C2D47C /* LaunchScreen.storyboard */ = {
			isa = PBXVariantGroup;
			children = (
				FA7A6D4020DA6F5300C2D47C /* Base */,
			);
			name = LaunchScreen.storyboard;
			sourceTree = "<group>";
		};
/* End PBXVariantGroup section */

/* Begin XCBuildConfiguration section */
		FA7A6D4320DA6F5300C2D47C /* Debug */ = {
			isa = XCBuildConfiguration;
			buildSettings = {
				ALWAYS_SEARCH_USER_PATHS = NO;
				CLANG_ANALYZER_NONNULL = YES;
				CLANG_ANALYZER_NUMBER_OBJECT_CONVERSION = YES_AGGRESSIVE;
				CLANG_CXX_LANGUAGE_STANDARD = "gnu++14";
				CLANG_CXX_LIBRARY = "libc++";
				CLANG_ENABLE_MODULES = YES;
				CLANG_ENABLE_OBJC_ARC = YES;
				CLANG_ENABLE_OBJC_WEAK = YES;
				CLANG_WARN_BLOCK_CAPTURE_AUTORELEASING = YES;
				CLANG_WARN_BOOL_CONVERSION = YES;
				CLANG_WARN_COMMA = YES;
				CLANG_WARN_CONSTANT_CONVERSION = YES;
				CLANG_WARN_DEPRECATED_OBJC_IMPLEMENTATIONS = YES;
				CLANG_WARN_DIRECT_OBJC_ISA_USAGE = YES_ERROR;
				CLANG_WARN_DOCUMENTATION_COMMENTS = YES;
				CLANG_WARN_EMPTY_BODY = YES;
				CLANG_WARN_ENUM_CONVERSION = YES;
				CLANG_WARN_INFINITE_RECURSION = YES;
				CLANG_WARN_INT_CONVERSION = YES;
				CLANG_WARN_NON_LITERAL_NULL_CONVERSION = YES;
				CLANG_WARN_OBJC_IMPLICIT_RETAIN_SELF = YES;
				CLANG_WARN_OBJC_LITERAL_CONVERSION = YES;
				CLANG_WARN_OBJC_ROOT_CLASS = YES_ERROR;
				CLANG_WARN_RANGE_LOOP_ANALYSIS = YES;
				CLANG_WARN_STRICT_PROTOTYPES = YES;
				CLANG_WARN_SUSPICIOUS_MOVE = YES;
				CLANG_WARN_UNGUARDED_AVAILABILITY = YES_AGGRESSIVE;
				CLANG_WARN_UNREACHABLE_CODE = YES;
				CLANG_WARN__DUPLICATE_METHOD_MATCH = YES;
				CODE_SIGN_IDENTITY = "iPhone Developer";
				COPY_PHASE_STRIP = NO;
				DEBUG_INFORMATION_FORMAT = dwarf;
				ENABLE_STRICT_OBJC_MSGSEND = YES;
				ENABLE_TESTABILITY = YES;
				GCC_C_LANGUAGE_STANDARD = gnu11;
				GCC_DYNAMIC_NO_PIC = NO;
				GCC_NO_COMMON_BLOCKS = YES;
				GCC_OPTIMIZATION_LEVEL = 0;
				GCC_PREPROCESSOR_DEFINITIONS = (
					"DEBUG=1",
					"$(inherited)",
				);
				GCC_WARN_64_TO_32_BIT_CONVERSION = YES;
				GCC_WARN_ABOUT_RETURN_TYPE = YES_ERROR;
				GCC_WARN_UNDECLARED_SELECTOR = YES;
				GCC_WARN_UNINITIALIZED_AUTOS = YES_AGGRESSIVE;
				GCC_WARN_UNUSED_FUNCTION = YES;
				GCC_WARN_UNUSED_VARIABLE = YES;
				IPHONEOS_DEPLOYMENT_TARGET = 11.4;
				MTL_ENABLE_DEBUG_INFO = YES;
				ONLY_ACTIVE_ARCH = YES;
				SDKROOT = iphoneos;
				SWIFT_ACTIVE_COMPILATION_CONDITIONS = DEBUG;
				SWIFT_OPTIMIZATION_LEVEL = "-Onone";
			};
			name = Debug;
		};
		FA7A6D4420DA6F5300C2D47C /* Release */ = {
			isa = XCBuildConfiguration;
			buildSettings = {
				ALWAYS_SEARCH_USER_PATHS = NO;
				CLANG_ANALYZER_NONNULL = YES;
				CLANG_ANALYZER_NUMBER_OBJECT_CONVERSION = YES_AGGRESSIVE;
				CLANG_CXX_LANGUAGE_STANDARD = "gnu++14";
				CLANG_CXX_LIBRARY = "libc++";
				CLANG_ENABLE_MODULES = YES;
				CLANG_ENABLE_OBJC_ARC = YES;
				CLANG_ENABLE_OBJC_WEAK = YES;
				CLANG_WARN_BLOCK_CAPTURE_AUTORELEASING = YES;
				CLANG_WARN_BOOL_CONVERSION = YES;
				CLANG_WARN_COMMA = YES;
				CLANG_WARN_CONSTANT_CONVERSION = YES;
				CLANG_WARN_DEPRECATED_OBJC_IMPLEMENTATIONS = YES;
				CLANG_WARN_DIRECT_OBJC_ISA_USAGE = YES_ERROR;
				CLANG_WARN_DOCUMENTATION_COMMENTS = YES;
				CLANG_WARN_EMPTY_BODY = YES;
				CLANG_WARN_ENUM_CONVERSION = YES;
				CLANG_WARN_INFINITE_RECURSION = YES;
				CLANG_WARN_INT_CONVERSION = YES;
				CLANG_WARN_NON_LITERAL_NULL_CONVERSION = YES;
				CLANG_WARN_OBJC_IMPLICIT_RETAIN_SELF = YES;
				CLANG_WARN_OBJC_LITERAL_CONVERSION = YES;
				CLANG_WARN_OBJC_ROOT_CLASS = YES_ERROR;
				CLANG_WARN_RANGE_LOOP_ANALYSIS = YES;
				CLANG_WARN_STRICT_PROTOTYPES = YES;
				CLANG_WARN_SUSPICIOUS_MOVE = YES;
				CLANG_WARN_UNGUARDED_AVAILABILITY = YES_AGGRESSIVE;
				CLANG_WARN_UNREACHABLE_CODE = YES;
				CLANG_WARN__DUPLICATE_METHOD_MATCH = YES;
				CODE_SIGN_IDENTITY = "iPhone Developer";
				COPY_PHASE_STRIP = NO;
				DEBUG_INFORMATION_FORMAT = "dwarf-with-dsym";
				ENABLE_NS_ASSERTIONS = NO;
				ENABLE_STRICT_OBJC_MSGSEND = YES;
				GCC_C_LANGUAGE_STANDARD = gnu11;
				GCC_NO_COMMON_BLOCKS = YES;
				GCC_WARN_64_TO_32_BIT_CONVERSION = YES;
				GCC_WARN_ABOUT_RETURN_TYPE = YES_ERROR;
				GCC_WARN_UNDECLARED_SELECTOR = YES;
				GCC_WARN_UNINITIALIZED_AUTOS = YES_AGGRESSIVE;
				GCC_WARN_UNUSED_FUNCTION = YES;
				GCC_WARN_UNUSED_VARIABLE = YES;
				IPHONEOS_DEPLOYMENT_TARGET = 11.4;
				MTL_ENABLE_DEBUG_INFO = NO;
				SDKROOT = iphoneos;
				SWIFT_COMPILATION_MODE = wholemodule;
				SWIFT_OPTIMIZATION_LEVEL = "-O";
				VALIDATE_PRODUCT = YES;
			};
			name = Release;
		};
		FA7A6D4620DA6F5300C2D47C /* Debug */ = {
			isa = XCBuildConfiguration;
			baseConfigurationReference = 57478627BD8C4EE8DAF7FFB7 /* Pods-BusTrafficDemo.debug.xcconfig */;
			buildSettings = {
				ASSETCATALOG_COMPILER_APPICON_NAME = AppIcon;
				CODE_SIGN_STYLE = Automatic;
				DEBUG_INFORMATION_FORMAT = "dwarf-with-dsym";
				"DEBUG_INFORMATION_FORMAT[sdk=*]" = "dwarf-with-dsym";
				DEVELOPMENT_TEAM = 76HW4BQBQJ;
				INFOPLIST_FILE = BusTrafficDemo/Info.plist;
				IPHONEOS_DEPLOYMENT_TARGET = 12.0;
				LD_RUNPATH_SEARCH_PATHS = (
					"$(inherited)",
					"@executable_path/Frameworks",
				);
				PRODUCT_BUNDLE_IDENTIFIER = com.nikola.BusTrafficDemo;
				PRODUCT_NAME = "$(TARGET_NAME)";
				SWIFT_VERSION = 4.0;
				TARGETED_DEVICE_FAMILY = "1,2";
			};
			name = Debug;
		};
		FA7A6D4720DA6F5300C2D47C /* Release */ = {
			isa = XCBuildConfiguration;
			baseConfigurationReference = ECBDAAAFC62CAB951C38282F /* Pods-BusTrafficDemo.release.xcconfig */;
			buildSettings = {
				ASSETCATALOG_COMPILER_APPICON_NAME = AppIcon;
				CODE_SIGN_STYLE = Automatic;
				DEVELOPMENT_TEAM = 76HW4BQBQJ;
				INFOPLIST_FILE = BusTrafficDemo/Info.plist;
				IPHONEOS_DEPLOYMENT_TARGET = 12.0;
				LD_RUNPATH_SEARCH_PATHS = (
					"$(inherited)",
					"@executable_path/Frameworks",
				);
				PRODUCT_BUNDLE_IDENTIFIER = com.nikola.BusTrafficDemo;
				PRODUCT_NAME = "$(TARGET_NAME)";
				SWIFT_VERSION = 4.0;
				TARGETED_DEVICE_FAMILY = "1,2";
			};
			name = Release;
		};
/* End XCBuildConfiguration section */

/* Begin XCConfigurationList section */
		FA7A6D2E20DA6F5200C2D47C /* Build configuration list for PBXProject "BusTrafficDemo" */ = {
			isa = XCConfigurationList;
			buildConfigurations = (
				FA7A6D4320DA6F5300C2D47C /* Debug */,
				FA7A6D4420DA6F5300C2D47C /* Release */,
			);
			defaultConfigurationIsVisible = 0;
			defaultConfigurationName = Release;
		};
		FA7A6D4520DA6F5300C2D47C /* Build configuration list for PBXNativeTarget "BusTrafficDemo" */ = {
			isa = XCConfigurationList;
			buildConfigurations = (
				FA7A6D4620DA6F5300C2D47C /* Debug */,
				FA7A6D4720DA6F5300C2D47C /* Release */,
			);
			defaultConfigurationIsVisible = 0;
			defaultConfigurationName = Release;
		};
/* End XCConfigurationList section */
	};
	rootObject = FA7A6D2B20DA6F5200C2D47C /* Project object */;
}
